PODS:
  - Bluejay (0.8.0):
    - XCGLogger (~> 6.1.0)
  - BoringSSL (10.0.6):
    - BoringSSL/Implementation (= 10.0.6)
    - BoringSSL/Interface (= 10.0.6)
  - BoringSSL/Implementation (10.0.6):
    - BoringSSL/Interface (= 10.0.6)
  - BoringSSL/Interface (10.0.6)
  - Bugsnag (5.17.3)
  - CustomNavigationBar (0.1.0)
  - DKPhotoGallery (0.0.12):
    - DKPhotoGallery/Core (= 0.0.12)
    - DKPhotoGallery/Model (= 0.0.12)
    - DKPhotoGallery/Preview (= 0.0.12)
    - DKPhotoGallery/Resource (= 0.0.12)
    - SDWebImage/GIF
  - DKPhotoGallery/Core (0.0.12):
    - DKPhotoGallery/Model
    - DKPhotoGallery/Preview
    - SDWebImage/GIF
  - DKPhotoGallery/Model (0.0.12):
    - SDWebImage/GIF
  - DKPhotoGallery/Preview (0.0.12):
    - DKPhotoGallery/Model
    - DKPhotoGallery/Resource
    - SDWebImage/GIF
  - DKPhotoGallery/Resource (0.0.12):
    - SDWebImage/GIF
  - Firebase/Core (5.14.0):
    - Firebase/CoreOnly
    - FirebaseAnalytics (= 5.4.0)
  - Firebase/CoreOnly (5.14.0):
    - FirebaseCore (= 5.1.9)
  - Firebase/Firestore (5.14.0):
    - Firebase/CoreOnly
    - FirebaseFirestore (= 0.16.0)
  - FirebaseAnalytics (5.4.0):
    - FirebaseCore (~> 5.1)
    - FirebaseInstanceID (~> 3.3)
    - GoogleAppMeasurement (= 5.4.0)
    - GoogleUtilities/AppDelegateSwizzler (~> 5.2)
    - GoogleUtilities/MethodSwizzler (~> 5.2)
    - GoogleUtilities/Network (~> 5.2)
    - "GoogleUtilities/NSData+zlib (~> 5.2)"
    - nanopb (~> 0.3)
  - FirebaseAuthInterop (1.0.0)
  - FirebaseCore (5.1.9):
    - GoogleUtilities/Logger (~> 5.2)
  - FirebaseFirestore (0.16.0):
    - FirebaseAuthInterop (~> 1.0)
    - FirebaseCore (~> 5.1)
    - FirebaseFirestore/abseil-cpp (= 0.16.0)
    - "gRPC-C++ (= 0.0.5)"
    - leveldb-library (~> 1.20)
    - nanopb (~> 0.3.8)
    - Protobuf (~> 3.1)
  - FirebaseFirestore/abseil-cpp (0.16.0):
    - FirebaseAuthInterop (~> 1.0)
    - FirebaseCore (~> 5.1)
    - "gRPC-C++ (= 0.0.5)"
    - leveldb-library (~> 1.20)
    - nanopb (~> 0.3.8)
    - Protobuf (~> 3.1)
  - FirebaseInstanceID (3.3.0):
    - FirebaseCore (~> 5.1)
    - GoogleUtilities/Environment (~> 5.3)
    - GoogleUtilities/UserDefaults (~> 5.3)
  - FLAnimatedImage (1.0.12)
  - GoogleAppMeasurement (5.4.0):
    - GoogleUtilities/AppDelegateSwizzler (~> 5.2)
    - GoogleUtilities/MethodSwizzler (~> 5.2)
    - GoogleUtilities/Network (~> 5.2)
    - "GoogleUtilities/NSData+zlib (~> 5.2)"
    - nanopb (~> 0.3)
  - GoogleUtilities/AppDelegateSwizzler (5.3.6):
    - GoogleUtilities/Environment
    - GoogleUtilities/Logger
    - GoogleUtilities/Network
  - GoogleUtilities/Environment (5.3.6)
  - GoogleUtilities/Logger (5.3.6):
    - GoogleUtilities/Environment
  - GoogleUtilities/MethodSwizzler (5.3.6):
    - GoogleUtilities/Logger
  - GoogleUtilities/Network (5.3.6):
    - GoogleUtilities/Logger
    - "GoogleUtilities/NSData+zlib"
    - GoogleUtilities/Reachability
  - "GoogleUtilities/NSData+zlib (5.3.6)"
  - GoogleUtilities/Reachability (5.3.6):
    - GoogleUtilities/Logger
  - GoogleUtilities/UserDefaults (5.3.6):
    - GoogleUtilities/Logger
  - "gRPC-C++ (0.0.5)":
    - "gRPC-C++/Implementation (= 0.0.5)"
    - "gRPC-C++/Interface (= 0.0.5)"
  - "gRPC-C++/Implementation (0.0.5)":
    - "gRPC-C++/Interface (= 0.0.5)"
    - gRPC-Core (= 1.14.0)
    - nanopb (~> 0.3)
  - "gRPC-C++/Interface (0.0.5)"
  - gRPC-Core (1.14.0):
    - gRPC-Core/Implementation (= 1.14.0)
    - gRPC-Core/Interface (= 1.14.0)
  - gRPC-Core/Implementation (1.14.0):
    - BoringSSL (~> 10.0)
    - gRPC-Core/Interface (= 1.14.0)
    - nanopb (~> 0.3)
  - gRPC-Core/Interface (1.14.0)
  - ImageSlideshow (1.7.0):
    - ImageSlideshow/Core (= 1.7.0)
  - ImageSlideshow/Core (1.7.0)
  - leveldb-library (1.20)
  - nanopb (0.3.901):
    - nanopb/decode (= 0.3.901)
    - nanopb/encode (= 0.3.901)
  - nanopb/decode (0.3.901)
  - nanopb/encode (0.3.901)
  - ObjcExceptionBridging (1.0.1):
    - ObjcExceptionBridging/ObjcExceptionBridging (= 1.0.1)
  - ObjcExceptionBridging/ObjcExceptionBridging (1.0.1)
  - PlainPing (0.5)
  - Protobuf (3.6.1)
  - SDWebImage/Core (4.4.6)
  - SDWebImage/GIF (4.4.6):
    - FLAnimatedImage (~> 1.0)
    - SDWebImage/Core
  - SwipeCellKit (2.5.0)
  - XCGLogger (6.1.0):
    - XCGLogger/Core (= 6.1.0)
  - XCGLogger/Core (6.1.0):
    - ObjcExceptionBridging

DEPENDENCIES:
  - Bluejay (~> 0.8)
  - Bugsnag
  - CustomNavigationBar
  - DKPhotoGallery
  - Firebase/Core
  - Firebase/Firestore
  - ImageSlideshow (~> 1.6)
  - PlainPing
  - SwipeCellKit

SPEC REPOS:
  https://github.com/CocoaPods/Specs.git:
    - Bluejay
    - BoringSSL
    - Bugsnag
    - CustomNavigationBar
    - DKPhotoGallery
    - Firebase
    - FirebaseAnalytics
    - FirebaseAuthInterop
    - FirebaseCore
    - FirebaseFirestore
    - FirebaseInstanceID
    - FLAnimatedImage
    - GoogleAppMeasurement
    - GoogleUtilities
    - "gRPC-C++"
    - gRPC-Core
    - ImageSlideshow
    - leveldb-library
    - nanopb
    - ObjcExceptionBridging
    - PlainPing
    - Protobuf
    - SDWebImage
    - SwipeCellKit
    - XCGLogger

SPEC CHECKSUMS:
  Bluejay: b1eeae1aba34417a421e484829a78e54c865a75f
  BoringSSL: e10f92a27043805c01071fe815a5cd98ae8212e7
  Bugsnag: a56a5204ebd35e44e56c1f703824705b1d4b5b97
  CustomNavigationBar: 89b098be699d03b4b1433405aedb8f3fea41e32d
  DKPhotoGallery: 1b4d65d9a485dfdd2002f22daa5b955eafb350ea
  Firebase: 963d5685fae888a56d6d4d9cfce6b9c976958798
  FirebaseAnalytics: c06f9d70577d79074214700a71fd5d39de5550fb
  FirebaseAuthInterop: 0ffa57668be100582bb7643d4fcb7615496c41fc
  FirebaseCore: 8f49b70f57ab5cbb032ef41d64992ded21606459
  FirebaseFirestore: 0b2495ff27e5749fa0984c405ea58db3d070e075
  FirebaseInstanceID: e2fa4cb35ef5558c200f7f0ad8a53e212215f93e
  FLAnimatedImage: 4a0b56255d9b05f18b6dd7ee06871be5d3b89e31
  GoogleAppMeasurement: 98b71f5e04142793729a5ef23e5b96651ff4b70f
  GoogleUtilities: 95996bea7c7d9b8fb811b7507669a4a8762f80c7
  "gRPC-C++": 19eec1ffd34de29453f5fab5b4697ad0f240ad51
  gRPC-Core: f4836515817c0eb479aeeb9cc27c91c4ba62a9f6
  ImageSlideshow: f8eec5e37a980f60923b585ff23b0e140fd24018
  leveldb-library: 08cba283675b7ed2d99629a4bc5fd052cd2bb6a5
  nanopb: 2901f78ea1b7b4015c860c2fdd1ea2fee1a18d48
  ObjcExceptionBridging: c30e00eb3700467e695faeea30e26e18bd445001
  PlainPing: 6b248b94d92be7ec0410952d1b09af43b9a39015
  Protobuf: 1eb9700044745f00181c136ef21b8ff3ad5a0fd5
  SDWebImage: 3f3f0c02f09798048c47a5ed0a13f17b063572d8
  SwipeCellKit: d8f2617538ce3021cb0a11d1b93856a06a2f2e20
  XCGLogger: 7f7f43f15dfe3a305fa1342b7dc29af656289abd

PODFILE CHECKSUM: 41339b5ecdec95a310702fe648b9d661ab8c64da

COCOAPODS: 1.8.4
